
Microsoft Visual Studio Solution File, Format Version 12.00
# Visual Studio Version 17
VisualStudioVersion = 17.5.33424.131
MinimumVisualStudioVersion = 10.0.40219.1
Project("{8BC9CEB8-8B4A-11D0-8D11-00A0C91BC942}") = "STATICMEMBER_128", "STATICMEMBER_128\STATICMEMBER_128.vcxproj", "{B7095F24-C6F1-4B64-87B8-046F5A121B79}"
EndProject
Project("{8BC9CEB8-8B4A-11D0-8D11-00A0C91BC942}") = "chainfunctionnn", "chainfunctionnn\chainfunctionnn.vcxproj", "{1E354997-9450-4408-90BD-BDAA8C4C1D77}"
EndProject
Project("{8BC9CEB8-8B4A-11D0-8D11-00A0C91BC942}") = "destruktor", "destruktor\destruktor.vcxproj", "{FCB0ECB7-1898-45E0-8BDC-193143E28ABF}"
EndProject
Project("{8BC9CEB8-8B4A-11D0-8D11-00A0C91BC942}") = "konstruktor", "konstruktor\konstruktor.vcxproj", "{E4545588-6E76-4677-B838-B0CBDCA52252}"
EndProject
Project("{8BC9CEB8-8B4A-11D0-8D11-00A0C91BC942}") = "mbrStatikfunc", "mbrStatikfunc\mbrStatikfunc.vcxproj", "{C5FEE546-33B6-45BE-AF3B-8B30E5208DBF}"
EndProject
Global
	GlobalSection(SolutionConfigurationPlatforms) = preSolution
		Debug|x64 = Debug|x64
		Debug|x86 = Debug|x86
		Release|x64 = Release|x64
		Release|x86 = Release|x86
	EndGlobalSection
	GlobalSection(ProjectConfigurationPlatforms) = postSolution
		{B7095F24-C6F1-4B64-87B8-046F5A121B79}.Debug|x64.ActiveCfg = Debug|x64
		{B7095F24-C6F1-4B64-87B8-046F5A121B79}.Debug|x64.Build.0 = Debug|x64
		{B7095F24-C6F1-4B64-87B8-046F5A121B79}.Debug|x86.ActiveCfg = Debug|Win32
		{B7095F24-C6F1-4B64-87B8-046F5A121B79}.Debug|x86.Build.0 = Debug|Win32
		{B7095F24-C6F1-4B64-87B8-046F5A121B79}.Release|x64.ActiveCfg = Release|x64
		{B7095F24-C6F1-4B64-87B8-046F5A121B79}.Release|x64.Build.0 = Release|x64
		{B7095F24-C6F1-4B64-87B8-046F5A121B79}.Release|x86.ActiveCfg = Release|Win32
		{B7095F24-C6F1-4B64-87B8-046F5A121B79}.Release|x86.Build.0 = Release|Win32
		{1E354997-9450-4408-90BD-BDAA8C4C1D77}.Debug|x64.ActiveCfg = Debug|x64
		{1E354997-9450-4408-90BD-BDAA8C4C1D77}.Debug|x64.Build.0 = Debug|x64
		{1E354997-9450-4408-90BD-BDAA8C4C1D77}.Debug|x86.ActiveCfg = Debug|Win32
		{1E354997-9450-4408-90BD-BDAA8C4C1D77}.Debug|x86.Build.0 = Debug|Win32
		{1E354997-9450-4408-90BD-BDAA8C4C1D77}.Release|x64.ActiveCfg = Release|x64
		{1E354997-9450-4408-90BD-BDAA8C4C1D77}.Release|x64.Build.0 = Release|x64
		{1E354997-9450-4408-90BD-BDAA8C4C1D77}.Release|x86.ActiveCfg = Release|Win32
		{1E354997-9450-4408-90BD-BDAA8C4C1D77}.Release|x86.Build.0 = Release|Win32
		{FCB0ECB7-1898-45E0-8BDC-193143E28ABF}.Debug|x64.ActiveCfg = Debug|x64
		{FCB0ECB7-1898-45E0-8BDC-193143E28ABF}.Debug|x64.Build.0 = Debug|x64
		{FCB0ECB7-1898-45E0-8BDC-193143E28ABF}.Debug|x86.ActiveCfg = Debug|Win32
		{FCB0ECB7-1898-45E0-8BDC-193143E28ABF}.Debug|x86.Build.0 = Debug|Win32
		{FCB0ECB7-1898-45E0-8BDC-193143E28ABF}.Release|x64.ActiveCfg = Release|x64
		{FCB0ECB7-1898-45E0-8BDC-193143E28ABF}.Release|x64.Build.0 = Release|x64
		{FCB0ECB7-1898-45E0-8BDC-193143E28ABF}.Release|x86.ActiveCfg = Release|Win32
		{FCB0ECB7-1898-45E0-8BDC-193143E28ABF}.Release|x86.Build.0 = Release|Win32
		{E4545588-6E76-4677-B838-B0CBDCA52252}.Debug|x64.ActiveCfg = Debug|x64
		{E4545588-6E76-4677-B838-B0CBDCA52252}.Debug|x64.Build.0 = Debug|x64
		{E4545588-6E76-4677-B838-B0CBDCA52252}.Debug|x86.ActiveCfg = Debug|Win32
		{E4545588-6E76-4677-B838-B0CBDCA52252}.Debug|x86.Build.0 = Debug|Win32
		{E4545588-6E76-4677-B838-B0CBDCA52252}.Release|x64.ActiveCfg = Release|x64
		{E4545588-6E76-4677-B838-B0CBDCA52252}.Release|x64.Build.0 = Release|x64
		{E4545588-6E76-4677-B838-B0CBDCA52252}.Release|x86.ActiveCfg = Release|Win32
		{E4545588-6E76-4677-B838-B0CBDCA52252}.Release|x86.Build.0 = Release|Win32
		{C5FEE546-33B6-45BE-AF3B-8B30E5208DBF}.Debug|x64.ActiveCfg = Debug|x64
		{C5FEE546-33B6-45BE-AF3B-8B30E5208DBF}.Debug|x64.Build.0 = Debug|x64
		{C5FEE546-33B6-45BE-AF3B-8B30E5208DBF}.Debug|x86.ActiveCfg = Debug|Win32
		{C5FEE546-33B6-45BE-AF3B-8B30E5208DBF}.Debug|x86.Build.0 = Debug|Win32
		{C5FEE546-33B6-45BE-AF3B-8B30E5208DBF}.Release|x64.ActiveCfg = Release|x64
		{C5FEE546-33B6-45BE-AF3B-8B30E5208DBF}.Release|x64.Build.0 = Release|x64
		{C5FEE546-33B6-45BE-AF3B-8B30E5208DBF}.Release|x86.ActiveCfg = Release|Win32
		{C5FEE546-33B6-45BE-AF3B-8B30E5208DBF}.Release|x86.Build.0 = Release|Win32
	EndGlobalSection
	GlobalSection(SolutionProperties) = preSolution
		HideSolutionNode = FALSE
	EndGlobalSection
	GlobalSection(ExtensibilityGlobals) = postSolution
		SolutionGuid = {6C9DA002-C4B6-4CCA-BF50-3CBE2EE50183}
	EndGlobalSection
EndGlobal
